<Solution>
  <Project Path="WoodHeart.Domain/WoodHeart.Domain.csproj" />
  <Project Path="WoodHeart.Presentation/WoodHeart.Presentation.csproj" />
  <Project Path="WoodHeart.Repository/WoodHeart.Repository.csproj" />
  <Project Path="WoodHeart.Service/WoodHeart.Service.csproj" />
  <Project Path="WoodHeart.Tests/WoodHeart.Tests.csproj" />
</Solution>
